
Microsoft Visual Studio Solution File, Format Version 12.00
# Visual Studio Version 17
VisualStudioVersion = 17.4.33403.182
MinimumVisualStudioVersion = 10.0.40219.1
Project("{FAE04EC0-301F-11D3-BF4B-00C04F79EFBC}") = "Text Encryption", "Text Encryption\Text Encryption.csproj", "{F3FBFB6D-AC6B-4EA3-9BA8-9D000ED30BB9}"
EndProject
Global
	GlobalSection(SolutionConfigurationPlatforms) = preSolution
		Debug|Any CPU = Debug|Any CPU
		Release|Any CPU = Release|Any CPU
	EndGlobalSection
	GlobalSection(ProjectConfigurationPlatforms) = postSolution
		{F3FBFB6D-AC6B-4EA3-9BA8-9D000ED30BB9}.Debug|Any CPU.ActiveCfg = Debug|Any CPU
		{F3FBFB6D-AC6B-4EA3-9BA8-9D000ED30BB9}.Debug|Any CPU.Build.0 = Debug|Any CPU
		{F3FBFB6D-AC6B-4EA3-9BA8-9D000ED30BB9}.Release|Any CPU.ActiveCfg = Release|Any CPU
		{F3FBFB6D-AC6B-4EA3-9BA8-9D000ED30BB9}.Release|Any CPU.Build.0 = Release|Any CPU
	EndGlobalSection
	GlobalSection(SolutionProperties) = preSolution
		HideSolutionNode = FALSE
	EndGlobalSection
	GlobalSection(ExtensibilityGlobals) = postSolution
		SolutionGuid = {947FEEA3-2469-444B-B180-0D9B18B09E6D}
	EndGlobalSection
EndGlobal
